
Microsoft Visual Studio Solution File, Format Version 12.00
# Visual Studio Version 17
VisualStudioVersion = 17.6.33723.286
MinimumVisualStudioVersion = 10.0.40219.1
Project("{9A19103F-16F7-4668-BE54-9A1E7A4F7556}") = "E-Commerce", "E-Commerce.csproj", "{ABCDEF12-3456-7890-ABCD-1234567890EF}"
EndProject
Global
	GlobalSection(SolutionConfigurationPlatforms) = preSolution
		Debug|Any CPU = Debug|Any CPU
		Release|Any CPU = Release|Any CPU
	EndGlobalSection
	GlobalSection(ProjectConfigurationPlatforms) = postSolution
		{ABCDEF12-3456-7890-ABCD-1234567890EF}.Debug|Any CPU.ActiveCfg = Debug|Any CPU
		{ABCDEF12-3456-7890-ABCD-1234567890EF}.Debug|Any CPU.Build.0 = Debug|Any CPU
		{ABCDEF12-3456-7890-ABCD-1234567890EF}.Release|Any CPU.ActiveCfg = Release|Any CPU
		{ABCDEF12-3456-7890-ABCD-1234567890EF}.Release|Any CPU.Build.0 = Release|Any CPU
	EndGlobalSection
	GlobalSection(SolutionProperties) = preSolution
		HideSolutionNode = FALSE
	EndGlobalSection
	GlobalSection(ExtensibilityGlobals) = postSolution
		SolutionGuid = {A1AE593F-6C78-4B65-85BB-336C2FF47B55}
	EndGlobalSection
EndGlobal
